
Microsoft Visual Studio Solution File, Format Version 12.00
# Visual Studio Version 16
VisualStudioVersion = 16.0.35425.106
MinimumVisualStudioVersion = 10.0.40219.1
Project("{FAE04EC0-301F-11D3-BF4B-00C04F79EFBC}") = "Array", "Array\Array.csproj", "{94048D79-CD48-410F-93BD-310F9ED7DDEB}"
EndProject
Global
	GlobalSection(SolutionConfigurationPlatforms) = preSolution
		Debug|Any CPU = Debug|Any CPU
		Release|Any CPU = Release|Any CPU
	EndGlobalSection
	GlobalSection(ProjectConfigurationPlatforms) = postSolution
		{94048D79-CD48-410F-93BD-310F9ED7DDEB}.Debug|Any CPU.ActiveCfg = Debug|Any CPU
		{94048D79-CD48-410F-93BD-310F9ED7DDEB}.Debug|Any CPU.Build.0 = Debug|Any CPU
		{94048D79-CD48-410F-93BD-310F9ED7DDEB}.Release|Any CPU.ActiveCfg = Release|Any CPU
		{94048D79-CD48-410F-93BD-310F9ED7DDEB}.Release|Any CPU.Build.0 = Release|Any CPU
	EndGlobalSection
	GlobalSection(SolutionProperties) = preSolution
		HideSolutionNode = FALSE
	EndGlobalSection
	GlobalSection(ExtensibilityGlobals) = postSolution
		SolutionGuid = {F76B1F3E-0FF4-4145-9996-602F5A71A754}
	EndGlobalSection
EndGlobal
