
Microsoft Visual Studio Solution File, Format Version 12.00
# Visual Studio Version 16
VisualStudioVersion = 16.0.35425.106
MinimumVisualStudioVersion = 10.0.40219.1
Project("{FAE04EC0-301F-11D3-BF4B-00C04F79EFBC}") = "值类型和引用", "值类型和引用\值类型和引用.csproj", "{CD93F7E5-D722-4088-8246-FCF6478808BC}"
EndProject
Global
	GlobalSection(SolutionConfigurationPlatforms) = preSolution
		Debug|Any CPU = Debug|Any CPU
		Release|Any CPU = Release|Any CPU
	EndGlobalSection
	GlobalSection(ProjectConfigurationPlatforms) = postSolution
		{CD93F7E5-D722-4088-8246-FCF6478808BC}.Debug|Any CPU.ActiveCfg = Debug|Any CPU
		{CD93F7E5-D722-4088-8246-FCF6478808BC}.Debug|Any CPU.Build.0 = Debug|Any CPU
		{CD93F7E5-D722-4088-8246-FCF6478808BC}.Release|Any CPU.ActiveCfg = Release|Any CPU
		{CD93F7E5-D722-4088-8246-FCF6478808BC}.Release|Any CPU.Build.0 = Release|Any CPU
	EndGlobalSection
	GlobalSection(SolutionProperties) = preSolution
		HideSolutionNode = FALSE
	EndGlobalSection
	GlobalSection(ExtensibilityGlobals) = postSolution
		SolutionGuid = {0A03B2A7-47F3-4D44-8F25-5715A6A48BAA}
	EndGlobalSection
EndGlobal
