
Microsoft Visual Studio Solution File, Format Version 12.00
# Visual Studio Version 16
VisualStudioVersion = 16.0.35425.106
MinimumVisualStudioVersion = 10.0.40219.1
Project("{FAE04EC0-301F-11D3-BF4B-00C04F79EFBC}") = "Cat", "Cat\Cat.csproj", "{31838FB1-7337-4046-81CF-458AE9BBCB3D}"
EndProject
Global
	GlobalSection(SolutionConfigurationPlatforms) = preSolution
		Debug|Any CPU = Debug|Any CPU
		Release|Any CPU = Release|Any CPU
	EndGlobalSection
	GlobalSection(ProjectConfigurationPlatforms) = postSolution
		{31838FB1-7337-4046-81CF-458AE9BBCB3D}.Debug|Any CPU.ActiveCfg = Debug|Any CPU
		{31838FB1-7337-4046-81CF-458AE9BBCB3D}.Debug|Any CPU.Build.0 = Debug|Any CPU
		{31838FB1-7337-4046-81CF-458AE9BBCB3D}.Release|Any CPU.ActiveCfg = Release|Any CPU
		{31838FB1-7337-4046-81CF-458AE9BBCB3D}.Release|Any CPU.Build.0 = Release|Any CPU
	EndGlobalSection
	GlobalSection(SolutionProperties) = preSolution
		HideSolutionNode = FALSE
	EndGlobalSection
	GlobalSection(ExtensibilityGlobals) = postSolution
		SolutionGuid = {75B71D4C-5C4B-4615-9531-ED4EB6491F20}
	EndGlobalSection
EndGlobal
