
Microsoft Visual Studio Solution File, Format Version 12.00
# Visual Studio Version 16
VisualStudioVersion = 16.0.35425.106
MinimumVisualStudioVersion = 10.0.40219.1
Project("{FAE04EC0-301F-11D3-BF4B-00C04F79EFBC}") = "成员变量和访问修饰符", "成员变量和访问修饰符\成员变量和访问修饰符.csproj", "{4AC5448E-2156-4493-A4CC-592DC72383B2}"
EndProject
Global
	GlobalSection(SolutionConfigurationPlatforms) = preSolution
		Debug|Any CPU = Debug|Any CPU
		Release|Any CPU = Release|Any CPU
	EndGlobalSection
	GlobalSection(ProjectConfigurationPlatforms) = postSolution
		{4AC5448E-2156-4493-A4CC-592DC72383B2}.Debug|Any CPU.ActiveCfg = Debug|Any CPU
		{4AC5448E-2156-4493-A4CC-592DC72383B2}.Debug|Any CPU.Build.0 = Debug|Any CPU
		{4AC5448E-2156-4493-A4CC-592DC72383B2}.Release|Any CPU.ActiveCfg = Release|Any CPU
		{4AC5448E-2156-4493-A4CC-592DC72383B2}.Release|Any CPU.Build.0 = Release|Any CPU
	EndGlobalSection
	GlobalSection(SolutionProperties) = preSolution
		HideSolutionNode = FALSE
	EndGlobalSection
	GlobalSection(ExtensibilityGlobals) = postSolution
		SolutionGuid = {9EDB02BA-BC90-48E9-BF0B-9D724FFEF407}
	EndGlobalSection
EndGlobal
