
Microsoft Visual Studio Solution File, Format Version 12.00
# Visual Studio Version 16
VisualStudioVersion = 16.0.35425.106
MinimumVisualStudioVersion = 10.0.40219.1
Project("{FAE04EC0-301F-11D3-BF4B-00C04F79EFBC}") = "CSharpEnum", "CSharpEnum\CSharpEnum.csproj", "{4F2C6CC9-7EB0-4761-8373-794C7DDBCD6B}"
EndProject
Global
	GlobalSection(SolutionConfigurationPlatforms) = preSolution
		Debug|Any CPU = Debug|Any CPU
		Release|Any CPU = Release|Any CPU
	EndGlobalSection
	GlobalSection(ProjectConfigurationPlatforms) = postSolution
		{4F2C6CC9-7EB0-4761-8373-794C7DDBCD6B}.Debug|Any CPU.ActiveCfg = Debug|Any CPU
		{4F2C6CC9-7EB0-4761-8373-794C7DDBCD6B}.Debug|Any CPU.Build.0 = Debug|Any CPU
		{4F2C6CC9-7EB0-4761-8373-794C7DDBCD6B}.Release|Any CPU.ActiveCfg = Release|Any CPU
		{4F2C6CC9-7EB0-4761-8373-794C7DDBCD6B}.Release|Any CPU.Build.0 = Release|Any CPU
	EndGlobalSection
	GlobalSection(SolutionProperties) = preSolution
		HideSolutionNode = FALSE
	EndGlobalSection
	GlobalSection(ExtensibilityGlobals) = postSolution
		SolutionGuid = {4B8AC981-5465-4F8B-9D8E-133442436630}
	EndGlobalSection
EndGlobal
